
Microsoft Visual Studio Solution File, Format Version 12.00
# Visual Studio Version 16
VisualStudioVersion = 16.0.30413.136
MinimumVisualStudioVersion = 10.0.40219.1
Project("{FAE04EC0-301F-11D3-BF4B-00C04F79EFBC}") = "gitgitdd", "gitgitdd\gitgitdd.csproj", "{A64D0CDC-CE60-4EBD-8A50-4619026FD721}"
EndProject
Global
	GlobalSection(SolutionConfigurationPlatforms) = preSolution
		Debug|Any CPU = Debug|Any CPU
		Release|Any CPU = Release|Any CPU
	EndGlobalSection
	GlobalSection(ProjectConfigurationPlatforms) = postSolution
		{A64D0CDC-CE60-4EBD-8A50-4619026FD721}.Debug|Any CPU.ActiveCfg = Debug|Any CPU
		{A64D0CDC-CE60-4EBD-8A50-4619026FD721}.Debug|Any CPU.Build.0 = Debug|Any CPU
		{A64D0CDC-CE60-4EBD-8A50-4619026FD721}.Release|Any CPU.ActiveCfg = Release|Any CPU
		{A64D0CDC-CE60-4EBD-8A50-4619026FD721}.Release|Any CPU.Build.0 = Release|Any CPU
	EndGlobalSection
	GlobalSection(SolutionProperties) = preSolution
		HideSolutionNode = FALSE
	EndGlobalSection
	GlobalSection(ExtensibilityGlobals) = postSolution
		SolutionGuid = {7D938A3C-427D-4FA7-AD79-725A73EBE9D9}
	EndGlobalSection
EndGlobal
